// !$*UTF8*$!
{
	archiveVersion = 1;
	classes = {
	};
	objectVersion = 55;
	objects = {

/* Begin PBXBuildFile section */
		84A04C32273A6D540014AB59 /* User.swift in Sources */ = {isa = PBXBuildFile; fileRef = 84A04C31273A6D540014AB59 /* User.swift */; };
		84A04C3A273A6EE40014AB59 /* LoginViewController.swift in Sources */ = {isa = PBXBuildFile; fileRef = 84A04C39273A6EE40014AB59 /* LoginViewController.swift */; };
		84A04C3D273A77AA0014AB59 /* AppRouterProtocol.swift in Sources */ = {isa = PBXBuildFile; fileRef = 84A04C3C273A77AA0014AB59 /* AppRouterProtocol.swift */; };
		84A04C3F273A77C70014AB59 /* AppRouter.swift in Sources */ = {isa = PBXBuildFile; fileRef = 84A04C3E273A77C70014AB59 /* AppRouter.swift */; };
		84C723D5273140EC00805D98 /* AppDelegate.swift in Sources */ = {isa = PBXBuildFile; fileRef = 84C723D4273140EC00805D98 /* AppDelegate.swift */; };
		84C723D7273140EC00805D98 /* SceneDelegate.swift in Sources */ = {isa = PBXBuildFile; fileRef = 84C723D6273140EC00805D98 /* SceneDelegate.swift */; };
		84C723D9273140EC00805D98 /* ViewController.swift in Sources */ = {isa = PBXBuildFile; fileRef = 84C723D8273140EC00805D98 /* ViewController.swift */; };
		84C723DC273140EC00805D98 /* Main.storyboard in Resources */ = {isa = PBXBuildFile; fileRef = 84C723DA273140EC00805D98 /* Main.storyboard */; };
		84C723DE273140EE00805D98 /* Assets.xcassets in Resources */ = {isa = PBXBuildFile; fileRef = 84C723DD273140EE00805D98 /* Assets.xcassets */; };
		84C723E1273140EE00805D98 /* LaunchScreen.storyboard in Resources */ = {isa = PBXBuildFile; fileRef = 84C723DF273140EE00805D98 /* LaunchScreen.storyboard */; };
		84DB359F27424D2F00E82CA7 /* SceneDelegateExtensions.swift in Sources */ = {isa = PBXBuildFile; fileRef = 84DB359E27424D2F00E82CA7 /* SceneDelegateExtensions.swift */; };
		84DB35A22742510C00E82CA7 /* ViewSecurityBlurProtocol.swift in Sources */ = {isa = PBXBuildFile; fileRef = 84DB35A12742510C00E82CA7 /* ViewSecurityBlurProtocol.swift */; };
		84FBDF3B273932EE00321F79 /* LastRoot.swift in Sources */ = {isa = PBXBuildFile; fileRef = 84FBDF3A273932EE00321F79 /* LastRoot.swift */; };
		D974FCA842B388A98FFE0C99 /* Pods_GB_iOSFrameworks.framework in Frameworks */ = {isa = PBXBuildFile; fileRef = 9713582E32BB574652613E4B /* Pods_GB_iOSFrameworks.framework */; };
/* End PBXBuildFile section */

/* Begin PBXFileReference section */
		5807377FD82D794F0B69B25D /* Pods-GB_iOSFrameworks.debug.xcconfig */ = {isa = PBXFileReference; includeInIndex = 1; lastKnownFileType = text.xcconfig; name = "Pods-GB_iOSFrameworks.debug.xcconfig"; path = "Target Support Files/Pods-GB_iOSFrameworks/Pods-GB_iOSFrameworks.debug.xcconfig"; sourceTree = "<group>"; };
		6973B8C1A48F168745FF0653 /* Pods-GB_iOSFrameworks.release.xcconfig */ = {isa = PBXFileReference; includeInIndex = 1; lastKnownFileType = text.xcconfig; name = "Pods-GB_iOSFrameworks.release.xcconfig"; path = "Target Support Files/Pods-GB_iOSFrameworks/Pods-GB_iOSFrameworks.release.xcconfig"; sourceTree = "<group>"; };
		84A04C31273A6D540014AB59 /* User.swift */ = {isa = PBXFileReference; lastKnownFileType = sourcecode.swift; path = User.swift; sourceTree = "<group>"; };
		84A04C39273A6EE40014AB59 /* LoginViewController.swift */ = {isa = PBXFileReference; lastKnownFileType = sourcecode.swift; path = LoginViewController.swift; sourceTree = "<group>"; };
		84A04C3C273A77AA0014AB59 /* AppRouterProtocol.swift */ = {isa = PBXFileReference; lastKnownFileType = sourcecode.swift; path = AppRouterProtocol.swift; sourceTree = "<group>"; };
		84A04C3E273A77C70014AB59 /* AppRouter.swift */ = {isa = PBXFileReference; lastKnownFileType = sourcecode.swift; path = AppRouter.swift; sourceTree = "<group>"; };
		84C723D1273140EC00805D98 /* GB_iOSFrameworks.app */ = {isa = PBXFileReference; explicitFileType = wrapper.application; includeInIndex = 0; path = GB_iOSFrameworks.app; sourceTree = BUILT_PRODUCTS_DIR; };
		84C723D4273140EC00805D98 /* AppDelegate.swift */ = {isa = PBXFileReference; lastKnownFileType = sourcecode.swift; path = AppDelegate.swift; sourceTree = "<group>"; };
		84C723D6273140EC00805D98 /* SceneDelegate.swift */ = {isa = PBXFileReference; lastKnownFileType = sourcecode.swift; path = SceneDelegate.swift; sourceTree = "<group>"; };
		84C723D8273140EC00805D98 /* ViewController.swift */ = {isa = PBXFileReference; lastKnownFileType = sourcecode.swift; path = ViewController.swift; sourceTree = "<group>"; };
		84C723DB273140EC00805D98 /* Base */ = {isa = PBXFileReference; lastKnownFileType = file.storyboard; name = Base; path = Base.lproj/Main.storyboard; sourceTree = "<group>"; };
		84C723DD273140EE00805D98 /* Assets.xcassets */ = {isa = PBXFileReference; lastKnownFileType = folder.assetcatalog; path = Assets.xcassets; sourceTree = "<group>"; };
		84C723E0273140EE00805D98 /* Base */ = {isa = PBXFileReference; lastKnownFileType = file.storyboard; name = Base; path = Base.lproj/LaunchScreen.storyboard; sourceTree = "<group>"; };
		84C723E2273140EE00805D98 /* Info.plist */ = {isa = PBXFileReference; lastKnownFileType = text.plist.xml; path = Info.plist; sourceTree = "<group>"; };
		84DB359E27424D2F00E82CA7 /* SceneDelegateExtensions.swift */ = {isa = PBXFileReference; lastKnownFileType = sourcecode.swift; path = SceneDelegateExtensions.swift; sourceTree = "<group>"; };
		84DB35A12742510C00E82CA7 /* ViewSecurityBlurProtocol.swift */ = {isa = PBXFileReference; lastKnownFileType = sourcecode.swift; path = ViewSecurityBlurProtocol.swift; sourceTree = "<group>"; };
		84FBDF3A273932EE00321F79 /* LastRoot.swift */ = {isa = PBXFileReference; lastKnownFileType = sourcecode.swift; path = LastRoot.swift; sourceTree = "<group>"; };
		9713582E32BB574652613E4B /* Pods_GB_iOSFrameworks.framework */ = {isa = PBXFileReference; explicitFileType = wrapper.framework; includeInIndex = 0; path = Pods_GB_iOSFrameworks.framework; sourceTree = BUILT_PRODUCTS_DIR; };
/* End PBXFileReference section */

/* Begin PBXFrameworksBuildPhase section */
		84C723CE273140EC00805D98 /* Frameworks */ = {
			isa = PBXFrameworksBuildPhase;
			buildActionMask = 2147483647;
			files = (
				D974FCA842B388A98FFE0C99 /* Pods_GB_iOSFrameworks.framework in Frameworks */,
			);
			runOnlyForDeploymentPostprocessing = 0;
		};
/* End PBXFrameworksBuildPhase section */

/* Begin PBXGroup section */
		2742FDF65222CEF853A67B9F /* Pods */ = {
			isa = PBXGroup;
			children = (
				5807377FD82D794F0B69B25D /* Pods-GB_iOSFrameworks.debug.xcconfig */,
				6973B8C1A48F168745FF0653 /* Pods-GB_iOSFrameworks.release.xcconfig */,
			);
			path = Pods;
			sourceTree = "<group>";
		};
		57AC3938242D5C97ED58EBD1 /* Frameworks */ = {
			isa = PBXGroup;
			children = (
				9713582E32BB574652613E4B /* Pods_GB_iOSFrameworks.framework */,
			);
			name = Frameworks;
			sourceTree = "<group>";
		};
		84A04C33273A6E810014AB59 /* Map */ = {
			isa = PBXGroup;
			children = (
				84A04C36273A6EAF0014AB59 /* View */,
			);
			path = Map;
			sourceTree = "<group>";
		};
		84A04C34273A6E940014AB59 /* Realm */ = {
			isa = PBXGroup;
			children = (
				84FBDF3A273932EE00321F79 /* LastRoot.swift */,
				84A04C31273A6D540014AB59 /* User.swift */,
			);
			path = Realm;
			sourceTree = "<group>";
		};
		84A04C35273A6EA50014AB59 /* Login */ = {
			isa = PBXGroup;
			children = (
				84A04C38273A6EC90014AB59 /* View */,
			);
			path = Login;
			sourceTree = "<group>";
		};
		84A04C36273A6EAF0014AB59 /* View */ = {
			isa = PBXGroup;
			children = (
				84C723D8273140EC00805D98 /* ViewController.swift */,
			);
			path = View;
			sourceTree = "<group>";
		};
		84A04C38273A6EC90014AB59 /* View */ = {
			isa = PBXGroup;
			children = (
				84A04C39273A6EE40014AB59 /* LoginViewController.swift */,
			);
			path = View;
			sourceTree = "<group>";
		};
		84A04C3B273A779D0014AB59 /* Router */ = {
			isa = PBXGroup;
			children = (
				84A04C3C273A77AA0014AB59 /* AppRouterProtocol.swift */,
				84A04C3E273A77C70014AB59 /* AppRouter.swift */,
			);
			path = Router;
			sourceTree = "<group>";
		};
		84C723C8273140EC00805D98 = {
			isa = PBXGroup;
			children = (
				84C723D3273140EC00805D98 /* GB_iOSFrameworks */,
				84C723D2273140EC00805D98 /* Products */,
				2742FDF65222CEF853A67B9F /* Pods */,
				57AC3938242D5C97ED58EBD1 /* Frameworks */,
			);
			sourceTree = "<group>";
		};
		84C723D2273140EC00805D98 /* Products */ = {
			isa = PBXGroup;
			children = (
				84C723D1273140EC00805D98 /* GB_iOSFrameworks.app */,
			);
			name = Products;
			sourceTree = "<group>";
		};
		84C723D3273140EC00805D98 /* GB_iOSFrameworks */ = {
			isa = PBXGroup;
			children = (
				84DB35A0274250E700E82CA7 /* GeneralProtocols */,
				84A04C3B273A779D0014AB59 /* Router */,
				84C723D4273140EC00805D98 /* AppDelegate.swift */,
				84C723D6273140EC00805D98 /* SceneDelegate.swift */,
				84DB359E27424D2F00E82CA7 /* SceneDelegateExtensions.swift */,
				84A04C34273A6E940014AB59 /* Realm */,
				84A04C35273A6EA50014AB59 /* Login */,
				84A04C33273A6E810014AB59 /* Map */,
				84C723DA273140EC00805D98 /* Main.storyboard */,
				84C723DD273140EE00805D98 /* Assets.xcassets */,
				84C723DF273140EE00805D98 /* LaunchScreen.storyboard */,
				84C723E2273140EE00805D98 /* Info.plist */,
			);
			path = GB_iOSFrameworks;
			sourceTree = "<group>";
		};
		84DB35A0274250E700E82CA7 /* GeneralProtocols */ = {
			isa = PBXGroup;
			children = (
				84DB35A12742510C00E82CA7 /* ViewSecurityBlurProtocol.swift */,
			);
			path = GeneralProtocols;
			sourceTree = "<group>";
		};
/* End PBXGroup section */

/* Begin PBXNativeTarget section */
		84C723D0273140EC00805D98 /* GB_iOSFrameworks */ = {
			isa = PBXNativeTarget;
			buildConfigurationList = 84C723E5273140EE00805D98 /* Build configuration list for PBXNativeTarget "GB_iOSFrameworks" */;
			buildPhases = (
				9DEF56B358F32EF6AE2F4D0C /* [CP] Check Pods Manifest.lock */,
				84C723CD273140EC00805D98 /* Sources */,
				84C723CE273140EC00805D98 /* Frameworks */,
				84C723CF273140EC00805D98 /* Resources */,
				45A902749CD51C0F66360407 /* [CP] Copy Pods Resources */,
				09EA70B32E4E37CDC605BA95 /* [CP] Embed Pods Frameworks */,
			);
			buildRules = (
			);
			dependencies = (
			);
			name = GB_iOSFrameworks;
			productName = GB_iOSFrameworks;
			productReference = 84C723D1273140EC00805D98 /* GB_iOSFrameworks.app */;
			productType = "com.apple.product-type.application";
		};
/* End PBXNativeTarget section */

/* Begin PBXProject section */
		84C723C9273140EC00805D98 /* Project object */ = {
			isa = PBXProject;
			attributes = {
				BuildIndependentTargetsInParallel = 1;
				LastSwiftUpdateCheck = 1310;
				LastUpgradeCheck = 1310;
				TargetAttributes = {
					84C723D0273140EC00805D98 = {
						CreatedOnToolsVersion = 13.1;
					};
				};
			};
			buildConfigurationList = 84C723CC273140EC00805D98 /* Build configuration list for PBXProject "GB_iOSFrameworks" */;
			compatibilityVersion = "Xcode 13.0";
			developmentRegion = en;
			hasScannedForEncodings = 0;
			knownRegions = (
				en,
				Base,
			);
			mainGroup = 84C723C8273140EC00805D98;
			productRefGroup = 84C723D2273140EC00805D98 /* Products */;
			projectDirPath = "";
			projectRoot = "";
			targets = (
				84C723D0273140EC00805D98 /* GB_iOSFrameworks */,
			);
		};
/* End PBXProject section */

/* Begin PBXResourcesBuildPhase section */
		84C723CF273140EC00805D98 /* Resources */ = {
			isa = PBXResourcesBuildPhase;
			buildActionMask = 2147483647;
			files = (
				84C723E1273140EE00805D98 /* LaunchScreen.storyboard in Resources */,
				84C723DE273140EE00805D98 /* Assets.xcassets in Resources */,
				84C723DC273140EC00805D98 /* Main.storyboard in Resources */,
			);
			runOnlyForDeploymentPostprocessing = 0;
		};
/* End PBXResourcesBuildPhase section */

/* Begin PBXShellScriptBuildPhase section */
		09EA70B32E4E37CDC605BA95 /* [CP] Embed Pods Frameworks */ = {
			isa = PBXShellScriptBuildPhase;
			buildActionMask = 2147483647;
			files = (
			);
			inputFileListPaths = (
				"${PODS_ROOT}/Target Support Files/Pods-GB_iOSFrameworks/Pods-GB_iOSFrameworks-frameworks-${CONFIGURATION}-input-files.xcfilelist",
			);
			name = "[CP] Embed Pods Frameworks";
			outputFileListPaths = (
				"${PODS_ROOT}/Target Support Files/Pods-GB_iOSFrameworks/Pods-GB_iOSFrameworks-frameworks-${CONFIGURATION}-output-files.xcfilelist",
			);
			runOnlyForDeploymentPostprocessing = 0;
			shellPath = /bin/sh;
			shellScript = "\"${PODS_ROOT}/Target Support Files/Pods-GB_iOSFrameworks/Pods-GB_iOSFrameworks-frameworks.sh\"\n";
			showEnvVarsInLog = 0;
		};
		45A902749CD51C0F66360407 /* [CP] Copy Pods Resources */ = {
			isa = PBXShellScriptBuildPhase;
			buildActionMask = 2147483647;
			files = (
			);
			inputFileListPaths = (
				"${PODS_ROOT}/Target Support Files/Pods-GB_iOSFrameworks/Pods-GB_iOSFrameworks-resources-${CONFIGURATION}-input-files.xcfilelist",
			);
			name = "[CP] Copy Pods Resources";
			outputFileListPaths = (
				"${PODS_ROOT}/Target Support Files/Pods-GB_iOSFrameworks/Pods-GB_iOSFrameworks-resources-${CONFIGURATION}-output-files.xcfilelist",
			);
			runOnlyForDeploymentPostprocessing = 0;
			shellPath = /bin/sh;
			shellScript = "\"${PODS_ROOT}/Target Support Files/Pods-GB_iOSFrameworks/Pods-GB_iOSFrameworks-resources.sh\"\n";
			showEnvVarsInLog = 0;
		};
		9DEF56B358F32EF6AE2F4D0C /* [CP] Check Pods Manifest.lock */ = {
			isa = PBXShellScriptBuildPhase;
			buildActionMask = 2147483647;
			files = (
			);
			inputFileListPaths = (
			);
			inputPaths = (
				"${PODS_PODFILE_DIR_PATH}/Podfile.lock",
				"${PODS_ROOT}/Manifest.lock",
			);
			name = "[CP] Check Pods Manifest.lock";
			outputFileListPaths = (
			);
			outputPaths = (
				"$(DERIVED_FILE_DIR)/Pods-GB_iOSFrameworks-checkManifestLockResult.txt",
			);
			runOnlyForDeploymentPostprocessing = 0;
			shellPath = /bin/sh;
			shellScript = "diff \"${PODS_PODFILE_DIR_PATH}/Podfile.lock\" \"${PODS_ROOT}/Manifest.lock\" > /dev/null\nif [ $? != 0 ] ; then\n    # print error to STDERR\n    echo \"error: The sandbox is not in sync with the Podfile.lock. Run 'pod install' or update your CocoaPods installation.\" >&2\n    exit 1\nfi\n# This output is used by Xcode 'outputs' to avoid re-running this script phase.\necho \"SUCCESS\" > \"${SCRIPT_OUTPUT_FILE_0}\"\n";
			showEnvVarsInLog = 0;
		};
/* End PBXShellScriptBuildPhase section */

/* Begin PBXSourcesBuildPhase section */
		84C723CD273140EC00805D98 /* Sources */ = {
			isa = PBXSourcesBuildPhase;
			buildActionMask = 2147483647;
			files = (
				84A04C3A273A6EE40014AB59 /* LoginViewController.swift in Sources */,
				84C723D9273140EC00805D98 /* ViewController.swift in Sources */,
				84A04C3D273A77AA0014AB59 /* AppRouterProtocol.swift in Sources */,
				84FBDF3B273932EE00321F79 /* LastRoot.swift in Sources */,
				84A04C3F273A77C70014AB59 /* AppRouter.swift in Sources */,
				84DB35A22742510C00E82CA7 /* ViewSecurityBlurProtocol.swift in Sources */,
				84C723D5273140EC00805D98 /* AppDelegate.swift in Sources */,
				84DB359F27424D2F00E82CA7 /* SceneDelegateExtensions.swift in Sources */,
				84A04C32273A6D540014AB59 /* User.swift in Sources */,
				84C723D7273140EC00805D98 /* SceneDelegate.swift in Sources */,
			);
			runOnlyForDeploymentPostprocessing = 0;
		};
/* End PBXSourcesBuildPhase section */

/* Begin PBXVariantGroup section */
		84C723DA273140EC00805D98 /* Main.storyboard */ = {
			isa = PBXVariantGroup;
			children = (
				84C723DB273140EC00805D98 /* Base */,
			);
			name = Main.storyboard;
			sourceTree = "<group>";
		};
		84C723DF273140EE00805D98 /* LaunchScreen.storyboard */ = {
			isa = PBXVariantGroup;
			children = (
				84C723E0273140EE00805D98 /* Base */,
			);
			name = LaunchScreen.storyboard;
			sourceTree = "<group>";
		};
/* End PBXVariantGroup section */

/* Begin XCBuildConfiguration section */
		84C723E3273140EE00805D98 /* Debug */ = {
			isa = XCBuildConfiguration;
			buildSettings = {
				ALWAYS_SEARCH_USER_PATHS = NO;
				CLANG_ANALYZER_NONNULL = YES;
				CLANG_ANALYZER_NUMBER_OBJECT_CONVERSION = YES_AGGRESSIVE;
				CLANG_CXX_LANGUAGE_STANDARD = "gnu++17";
				CLANG_CXX_LIBRARY = "libc++";
				CLANG_ENABLE_MODULES = YES;
				CLANG_ENABLE_OBJC_ARC = YES;
				CLANG_ENABLE_OBJC_WEAK = YES;
				CLANG_WARN_BLOCK_CAPTURE_AUTORELEASING = YES;
				CLANG_WARN_BOOL_CONVERSION = YES;
				CLANG_WARN_COMMA = YES;
				CLANG_WARN_CONSTANT_CONVERSION = YES;
				CLANG_WARN_DEPRECATED_OBJC_IMPLEMENTATIONS = YES;
				CLANG_WARN_DIRECT_OBJC_ISA_USAGE = YES_ERROR;
				CLANG_WARN_DOCUMENTATION_COMMENTS = YES;
				CLANG_WARN_EMPTY_BODY = YES;
				CLANG_WARN_ENUM_CONVERSION = YES;
				CLANG_WARN_INFINITE_RECURSION = YES;
				CLANG_WARN_INT_CONVERSION = YES;
				CLANG_WARN_NON_LITERAL_NULL_CONVERSION = YES;
				CLANG_WARN_OBJC_IMPLICIT_RETAIN_SELF = YES;
				CLANG_WARN_OBJC_LITERAL_CONVERSION = YES;
				CLANG_WARN_OBJC_ROOT_CLASS = YES_ERROR;
				CLANG_WARN_QUOTED_INCLUDE_IN_FRAMEWORK_HEADER = YES;
				CLANG_WARN_RANGE_LOOP_ANALYSIS = YES;
				CLANG_WARN_STRICT_PROTOTYPES = YES;
				CLANG_WARN_SUSPICIOUS_MOVE = YES;
				CLANG_WARN_UNGUARDED_AVAILABILITY = YES_AGGRESSIVE;
				CLANG_WARN_UNREACHABLE_CODE = YES;
				CLANG_WARN__DUPLICATE_METHOD_MATCH = YES;
				COPY_PHASE_STRIP = NO;
				DEBUG_INFORMATION_FORMAT = dwarf;
				ENABLE_STRICT_OBJC_MSGSEND = YES;
				ENABLE_TESTABILITY = YES;
				GCC_C_LANGUAGE_STANDARD = gnu11;
				GCC_DYNAMIC_NO_PIC = NO;
				GCC_NO_COMMON_BLOCKS = YES;
				GCC_OPTIMIZATION_LEVEL = 0;
				GCC_PREPROCESSOR_DEFINITIONS = (
					"DEBUG=1",
					"$(inherited)",
				);
				GCC_WARN_64_TO_32_BIT_CONVERSION = YES;
				GCC_WARN_ABOUT_RETURN_TYPE = YES_ERROR;
				GCC_WARN_UNDECLARED_SELECTOR = YES;
				GCC_WARN_UNINITIALIZED_AUTOS = YES_AGGRESSIVE;
				GCC_WARN_UNUSED_FUNCTION = YES;
				GCC_WARN_UNUSED_VARIABLE = YES;
				IPHONEOS_DEPLOYMENT_TARGET = 15.0;
				MTL_ENABLE_DEBUG_INFO = INCLUDE_SOURCE;
				MTL_FAST_MATH = YES;
				ONLY_ACTIVE_ARCH = YES;
				SDKROOT = iphoneos;
				SWIFT_ACTIVE_COMPILATION_CONDITIONS = DEBUG;
				SWIFT_OPTIMIZATION_LEVEL = "-Onone";
			};
			name = Debug;
		};
		84C723E4273140EE00805D98 /* Release */ = {
			isa = XCBuildConfiguration;
			buildSettings = {
				ALWAYS_SEARCH_USER_PATHS = NO;
				CLANG_ANALYZER_NONNULL = YES;
				CLANG_ANALYZER_NUMBER_OBJECT_CONVERSION = YES_AGGRESSIVE;
				CLANG_CXX_LANGUAGE_STANDARD = "gnu++17";
				CLANG_CXX_LIBRARY = "libc++";
				CLANG_ENABLE_MODULES = YES;
				CLANG_ENABLE_OBJC_ARC = YES;
				CLANG_ENABLE_OBJC_WEAK = YES;
				CLANG_WARN_BLOCK_CAPTURE_AUTORELEASING = YES;
				CLANG_WARN_BOOL_CONVERSION = YES;
				CLANG_WARN_COMMA = YES;
				CLANG_WARN_CONSTANT_CONVERSION = YES;
				CLANG_WARN_DEPRECATED_OBJC_IMPLEMENTATIONS = YES;
				CLANG_WARN_DIRECT_OBJC_ISA_USAGE = YES_ERROR;
				CLANG_WARN_DOCUMENTATION_COMMENTS = YES;
				CLANG_WARN_EMPTY_BODY = YES;
				CLANG_WARN_ENUM_CONVERSION = YES;
				CLANG_WARN_INFINITE_RECURSION = YES;
				CLANG_WARN_INT_CONVERSION = YES;
				CLANG_WARN_NON_LITERAL_NULL_CONVERSION = YES;
				CLANG_WARN_OBJC_IMPLICIT_RETAIN_SELF = YES;
				CLANG_WARN_OBJC_LITERAL_CONVERSION = YES;
				CLANG_WARN_OBJC_ROOT_CLASS = YES_ERROR;
				CLANG_WARN_QUOTED_INCLUDE_IN_FRAMEWORK_HEADER = YES;
				CLANG_WARN_RANGE_LOOP_ANALYSIS = YES;
				CLANG_WARN_STRICT_PROTOTYPES = YES;
				CLANG_WARN_SUSPICIOUS_MOVE = YES;
				CLANG_WARN_UNGUARDED_AVAILABILITY = YES_AGGRESSIVE;
				CLANG_WARN_UNREACHABLE_CODE = YES;
				CLANG_WARN__DUPLICATE_METHOD_MATCH = YES;
				COPY_PHASE_STRIP = NO;
				DEBUG_INFORMATION_FORMAT = "dwarf-with-dsym";
				ENABLE_NS_ASSERTIONS = NO;
				ENABLE_STRICT_OBJC_MSGSEND = YES;
				GCC_C_LANGUAGE_STANDARD = gnu11;
				GCC_NO_COMMON_BLOCKS = YES;
				GCC_WARN_64_TO_32_BIT_CONVERSION = YES;
				GCC_WARN_ABOUT_RETURN_TYPE = YES_ERROR;
				GCC_WARN_UNDECLARED_SELECTOR = YES;
				GCC_WARN_UNINITIALIZED_AUTOS = YES_AGGRESSIVE;
				GCC_WARN_UNUSED_FUNCTION = YES;
				GCC_WARN_UNUSED_VARIABLE = YES;
				IPHONEOS_DEPLOYMENT_TARGET = 15.0;
				MTL_ENABLE_DEBUG_INFO = NO;
				MTL_FAST_MATH = YES;
				SDKROOT = iphoneos;
				SWIFT_COMPILATION_MODE = wholemodule;
				SWIFT_OPTIMIZATION_LEVEL = "-O";
				VALIDATE_PRODUCT = YES;
			};
			name = Release;
		};
		84C723E6273140EE00805D98 /* Debug */ = {
			isa = XCBuildConfiguration;
			baseConfigurationReference = 5807377FD82D794F0B69B25D /* Pods-GB_iOSFrameworks.debug.xcconfig */;
			buildSettings = {
				ASSETCATALOG_COMPILER_APPICON_NAME = AppIcon;
				ASSETCATALOG_COMPILER_GLOBAL_ACCENT_COLOR_NAME = AccentColor;
				CODE_SIGN_STYLE = Automatic;
				CURRENT_PROJECT_VERSION = 1;
				DEVELOPMENT_TEAM = TGPQZZGQJK;
				GENERATE_INFOPLIST_FILE = YES;
				INFOPLIST_FILE = GB_iOSFrameworks/Info.plist;
				INFOPLIST_KEY_NSLocationAlwaysAndWhenInUseUsageDescription = Required;
				INFOPLIST_KEY_NSLocationAlwaysUsageDescription = Required;
				INFOPLIST_KEY_NSLocationWhenInUseUsageDescription = "Hi!";
				INFOPLIST_KEY_UIApplicationSupportsIndirectInputEvents = YES;
				INFOPLIST_KEY_UILaunchStoryboardName = LaunchScreen;
				INFOPLIST_KEY_UIMainStoryboardFile = Main;
				INFOPLIST_KEY_UISupportedInterfaceOrientations_iPad = "UIInterfaceOrientationPortrait UIInterfaceOrientationPortraitUpsideDown UIInterfaceOrientationLandscapeLeft UIInterfaceOrientationLandscapeRight";
				INFOPLIST_KEY_UISupportedInterfaceOrientations_iPhone = "UIInterfaceOrientationPortrait UIInterfaceOrientationLandscapeLeft UIInterfaceOrientationLandscapeRight";
				LD_RUNPATH_SEARCH_PATHS = (
					"$(inherited)",
					"@executable_path/Frameworks",
				);
				MARKETING_VERSION = 1.0;
				PRODUCT_BUNDLE_IDENTIFIER = "com.personal.GB-iOSFrameworks";
				PRODUCT_NAME = "$(TARGET_NAME)";
				SWIFT_EMIT_LOC_STRINGS = YES;
				SWIFT_VERSION = 5.0;
				TARGETED_DEVICE_FAMILY = "1,2";
			};
			name = Debug;
		};
		84C723E7273140EE00805D98 /* Release */ = {
			isa = XCBuildConfiguration;
			baseConfigurationReference = 6973B8C1A48F168745FF0653 /* Pods-GB_iOSFrameworks.release.xcconfig */;
			buildSettings = {
				ASSETCATALOG_COMPILER_APPICON_NAME = AppIcon;
				ASSETCATALOG_COMPILER_GLOBAL_ACCENT_COLOR_NAME = AccentColor;
				CODE_SIGN_STYLE = Automatic;
				CURRENT_PROJECT_VERSION = 1;
				DEVELOPMENT_TEAM = TGPQZZGQJK;
				GENERATE_INFOPLIST_FILE = YES;
				INFOPLIST_FILE = GB_iOSFrameworks/Info.plist;
				INFOPLIST_KEY_NSLocationAlwaysAndWhenInUseUsageDescription = Required;
				INFOPLIST_KEY_NSLocationAlwaysUsageDescription = Required;
				INFOPLIST_KEY_NSLocationWhenInUseUsageDescription = "Hi!";
				INFOPLIST_KEY_UIApplicationSupportsIndirectInputEvents = YES;
				INFOPLIST_KEY_UILaunchStoryboardName = LaunchScreen;
				INFOPLIST_KEY_UIMainStoryboardFile = Main;
				INFOPLIST_KEY_UISupportedInterfaceOrientations_iPad = "UIInterfaceOrientationPortrait UIInterfaceOrientationPortraitUpsideDown UIInterfaceOrientationLandscapeLeft UIInterfaceOrientationLandscapeRight";
				INFOPLIST_KEY_UISupportedInterfaceOrientations_iPhone = "UIInterfaceOrientationPortrait UIInterfaceOrientationLandscapeLeft UIInterfaceOrientationLandscapeRight";
				LD_RUNPATH_SEARCH_PATHS = (
					"$(inherited)",
					"@executable_path/Frameworks",
				);
				MARKETING_VERSION = 1.0;
				PRODUCT_BUNDLE_IDENTIFIER = "com.personal.GB-iOSFrameworks";
				PRODUCT_NAME = "$(TARGET_NAME)";
				SWIFT_EMIT_LOC_STRINGS = YES;
				SWIFT_VERSION = 5.0;
				TARGETED_DEVICE_FAMILY = "1,2";
			};
			name = Release;
		};
/* End XCBuildConfiguration section */

/* Begin XCConfigurationList section */
		84C723CC273140EC00805D98 /* Build configuration list for PBXProject "GB_iOSFrameworks" */ = {
			isa = XCConfigurationList;
			buildConfigurations = (
				84C723E3273140EE00805D98 /* Debug */,
				84C723E4273140EE00805D98 /* Release */,
			);
			defaultConfigurationIsVisible = 0;
			defaultConfigurationName = Release;
		};
		84C723E5273140EE00805D98 /* Build configuration list for PBXNativeTarget "GB_iOSFrameworks" */ = {
			isa = XCConfigurationList;
			buildConfigurations = (
				84C723E6273140EE00805D98 /* Debug */,
				84C723E7273140EE00805D98 /* Release */,
			);
			defaultConfigurationIsVisible = 0;
			defaultConfigurationName = Release;
		};
/* End XCConfigurationList section */
	};
	rootObject = 84C723C9273140EC00805D98 /* Project object */;
}
